
Microsoft Visual Studio Solution File, Format Version 12.00
# Visual Studio Version 16
VisualStudioVersion = 16.0.30804.86
MinimumVisualStudioVersion = 10.0.40219.1
Project("{FAE04EC0-301F-11D3-BF4B-00C04F79EFBC}") = "Laboration 1 -Alexander Bartha", "Laboration 1 -Alexander Bartha\Laboration 1 -Alexander Bartha.csproj", "{639BB6B5-67B7-4B89-9FC1-ACD493560992}"
EndProject
Global
	GlobalSection(SolutionConfigurationPlatforms) = preSolution
		Debug|Any CPU = Debug|Any CPU
		Release|Any CPU = Release|Any CPU
	EndGlobalSection
	GlobalSection(ProjectConfigurationPlatforms) = postSolution
		{639BB6B5-67B7-4B89-9FC1-ACD493560992}.Debug|Any CPU.ActiveCfg = Debug|Any CPU
		{639BB6B5-67B7-4B89-9FC1-ACD493560992}.Debug|Any CPU.Build.0 = Debug|Any CPU
		{639BB6B5-67B7-4B89-9FC1-ACD493560992}.Release|Any CPU.ActiveCfg = Release|Any CPU
		{639BB6B5-67B7-4B89-9FC1-ACD493560992}.Release|Any CPU.Build.0 = Release|Any CPU
	EndGlobalSection
	GlobalSection(SolutionProperties) = preSolution
		HideSolutionNode = FALSE
	EndGlobalSection
	GlobalSection(ExtensibilityGlobals) = postSolution
		SolutionGuid = {661C9CF4-06FC-4D5B-8FE2-A65F7A523416}
	EndGlobalSection
EndGlobal
